// !$*UTF8*$!
{
	archiveVersion = 1;
	classes = {
	};
	objectVersion = 55;
	objects = {

/* Begin PBXBuildFile section */
		823E5FA52734C96D003F3FA4 /* UserLoginViewController.swift in Sources */ = {isa = PBXBuildFile; fileRef = 823E5FA42734C96D003F3FA4 /* UserLoginViewController.swift */; };
		823E5FA72734C9BE003F3FA4 /* UserRegisterViewController.swift in Sources */ = {isa = PBXBuildFile; fileRef = 823E5FA62734C9BE003F3FA4 /* UserRegisterViewController.swift */; };
		823E5FA92734DE11003F3FA4 /* ReusableFunctionsViewController.swift in Sources */ = {isa = PBXBuildFile; fileRef = 823E5FA82734DE11003F3FA4 /* ReusableFunctionsViewController.swift */; };
		82628EDA2730C4BD00719A51 /* AppDelegate.swift in Sources */ = {isa = PBXBuildFile; fileRef = 82628ED92730C4BD00719A51 /* AppDelegate.swift */; };
		82628EDC2730C4BD00719A51 /* SceneDelegate.swift in Sources */ = {isa = PBXBuildFile; fileRef = 82628EDB2730C4BD00719A51 /* SceneDelegate.swift */; };
		82628EDE2730C4BD00719A51 /* ViewController.swift in Sources */ = {isa = PBXBuildFile; fileRef = 82628EDD2730C4BD00719A51 /* ViewController.swift */; };
		82628EE12730C4BD00719A51 /* Main.storyboard in Resources */ = {isa = PBXBuildFile; fileRef = 82628EDF2730C4BD00719A51 /* Main.storyboard */; };
		82628EE42730C4BD00719A51 /* pandapp.xcdatamodeld in Sources */ = {isa = PBXBuildFile; fileRef = 82628EE22730C4BD00719A51 /* pandapp.xcdatamodeld */; };
		82628EE62730C4BF00719A51 /* Assets.xcassets in Resources */ = {isa = PBXBuildFile; fileRef = 82628EE52730C4BF00719A51 /* Assets.xcassets */; };
		82628EE92730C4BF00719A51 /* LaunchScreen.storyboard in Resources */ = {isa = PBXBuildFile; fileRef = 82628EE72730C4BF00719A51 /* LaunchScreen.storyboard */; };
		827387062734BE55005C8A9B /* UserprofileViewController.swift in Sources */ = {isa = PBXBuildFile; fileRef = 827387052734BE55005C8A9B /* UserprofileViewController.swift */; };
/* End PBXBuildFile section */

/* Begin PBXFileReference section */
		823E5FA42734C96D003F3FA4 /* UserLoginViewController.swift */ = {isa = PBXFileReference; lastKnownFileType = sourcecode.swift; path = UserLoginViewController.swift; sourceTree = "<group>"; };
		823E5FA62734C9BE003F3FA4 /* UserRegisterViewController.swift */ = {isa = PBXFileReference; lastKnownFileType = sourcecode.swift; path = UserRegisterViewController.swift; sourceTree = "<group>"; };
		823E5FA82734DE11003F3FA4 /* ReusableFunctionsViewController.swift */ = {isa = PBXFileReference; lastKnownFileType = sourcecode.swift; path = ReusableFunctionsViewController.swift; sourceTree = "<group>"; };
		82628ED62730C4BD00719A51 /* pandapp.app */ = {isa = PBXFileReference; explicitFileType = wrapper.application; includeInIndex = 0; path = pandapp.app; sourceTree = BUILT_PRODUCTS_DIR; };
		82628ED92730C4BD00719A51 /* AppDelegate.swift */ = {isa = PBXFileReference; lastKnownFileType = sourcecode.swift; path = AppDelegate.swift; sourceTree = "<group>"; };
		82628EDB2730C4BD00719A51 /* SceneDelegate.swift */ = {isa = PBXFileReference; lastKnownFileType = sourcecode.swift; path = SceneDelegate.swift; sourceTree = "<group>"; };
		82628EDD2730C4BD00719A51 /* ViewController.swift */ = {isa = PBXFileReference; lastKnownFileType = sourcecode.swift; path = ViewController.swift; sourceTree = "<group>"; };
		82628EE02730C4BD00719A51 /* Base */ = {isa = PBXFileReference; lastKnownFileType = file.storyboard; name = Base; path = Base.lproj/Main.storyboard; sourceTree = "<group>"; };
		82628EE32730C4BD00719A51 /* pandapp.xcdatamodel */ = {isa = PBXFileReference; lastKnownFileType = wrapper.xcdatamodel; path = pandapp.xcdatamodel; sourceTree = "<group>"; };
		82628EE52730C4BF00719A51 /* Assets.xcassets */ = {isa = PBXFileReference; lastKnownFileType = folder.assetcatalog; path = Assets.xcassets; sourceTree = "<group>"; };
		82628EE82730C4BF00719A51 /* Base */ = {isa = PBXFileReference; lastKnownFileType = file.storyboard; name = Base; path = Base.lproj/LaunchScreen.storyboard; sourceTree = "<group>"; };
		82628EEA2730C4BF00719A51 /* Info.plist */ = {isa = PBXFileReference; lastKnownFileType = text.plist.xml; path = Info.plist; sourceTree = "<group>"; };
		827387052734BE55005C8A9B /* UserprofileViewController.swift */ = {isa = PBXFileReference; lastKnownFileType = sourcecode.swift; path = UserprofileViewController.swift; sourceTree = "<group>"; };
/* End PBXFileReference section */

/* Begin PBXFrameworksBuildPhase section */
		82628ED32730C4BD00719A51 /* Frameworks */ = {
			isa = PBXFrameworksBuildPhase;
			buildActionMask = 2147483647;
			files = (
			);
			runOnlyForDeploymentPostprocessing = 0;
		};
/* End PBXFrameworksBuildPhase section */

/* Begin PBXGroup section */
		82628ECD2730C4BD00719A51 = {
			isa = PBXGroup;
			children = (
				82628ED82730C4BD00719A51 /* pandapp */,
				82628ED72730C4BD00719A51 /* Products */,
			);
			sourceTree = "<group>";
		};
		82628ED72730C4BD00719A51 /* Products */ = {
			isa = PBXGroup;
			children = (
				82628ED62730C4BD00719A51 /* pandapp.app */,
			);
			name = Products;
			sourceTree = "<group>";
		};
		82628ED82730C4BD00719A51 /* pandapp */ = {
			isa = PBXGroup;
			children = (
				82628ED92730C4BD00719A51 /* AppDelegate.swift */,
				82628EDB2730C4BD00719A51 /* SceneDelegate.swift */,
				82628EDD2730C4BD00719A51 /* ViewController.swift */,
				823E5FA82734DE11003F3FA4 /* ReusableFunctionsViewController.swift */,
				823E5FA42734C96D003F3FA4 /* UserLoginViewController.swift */,
				823E5FA62734C9BE003F3FA4 /* UserRegisterViewController.swift */,
				827387052734BE55005C8A9B /* UserprofileViewController.swift */,
				82628EDF2730C4BD00719A51 /* Main.storyboard */,
				82628EE52730C4BF00719A51 /* Assets.xcassets */,
				82628EE72730C4BF00719A51 /* LaunchScreen.storyboard */,
				82628EEA2730C4BF00719A51 /* Info.plist */,
				82628EE22730C4BD00719A51 /* pandapp.xcdatamodeld */,
			);
			path = pandapp;
			sourceTree = "<group>";
		};
/* End PBXGroup section */

/* Begin PBXNativeTarget section */
		82628ED52730C4BD00719A51 /* pandapp */ = {
			isa = PBXNativeTarget;
			buildConfigurationList = 82628EED2730C4BF00719A51 /* Build configuration list for PBXNativeTarget "pandapp" */;
			buildPhases = (
				82628ED22730C4BD00719A51 /* Sources */,
				82628ED32730C4BD00719A51 /* Frameworks */,
				82628ED42730C4BD00719A51 /* Resources */,
			);
			buildRules = (
			);
			dependencies = (
			);
			name = pandapp;
			productName = pandapp;
			productReference = 82628ED62730C4BD00719A51 /* pandapp.app */;
			productType = "com.apple.product-type.application";
		};
/* End PBXNativeTarget section */

/* Begin PBXProject section */
		82628ECE2730C4BD00719A51 /* Project object */ = {
			isa = PBXProject;
			attributes = {
				BuildIndependentTargetsInParallel = 1;
				LastSwiftUpdateCheck = 1300;
				LastUpgradeCheck = 1300;
				TargetAttributes = {
					82628ED52730C4BD00719A51 = {
						CreatedOnToolsVersion = 13.0;
					};
				};
			};
			buildConfigurationList = 82628ED12730C4BD00719A51 /* Build configuration list for PBXProject "pandapp" */;
			compatibilityVersion = "Xcode 13.0";
			developmentRegion = en;
			hasScannedForEncodings = 0;
			knownRegions = (
				en,
				Base,
			);
			mainGroup = 82628ECD2730C4BD00719A51;
			productRefGroup = 82628ED72730C4BD00719A51 /* Products */;
			projectDirPath = "";
			projectRoot = "";
			targets = (
				82628ED52730C4BD00719A51 /* pandapp */,
			);
		};
/* End PBXProject section */

/* Begin PBXResourcesBuildPhase section */
		82628ED42730C4BD00719A51 /* Resources */ = {
			isa = PBXResourcesBuildPhase;
			buildActionMask = 2147483647;
			files = (
				82628EE92730C4BF00719A51 /* LaunchScreen.storyboard in Resources */,
				82628EE62730C4BF00719A51 /* Assets.xcassets in Resources */,
				82628EE12730C4BD00719A51 /* Main.storyboard in Resources */,
			);
			runOnlyForDeploymentPostprocessing = 0;
		};
/* End PBXResourcesBuildPhase section */

/* Begin PBXSourcesBuildPhase section */
		82628ED22730C4BD00719A51 /* Sources */ = {
			isa = PBXSourcesBuildPhase;
			buildActionMask = 2147483647;
			files = (
				827387062734BE55005C8A9B /* UserprofileViewController.swift in Sources */,
				82628EE42730C4BD00719A51 /* pandapp.xcdatamodeld in Sources */,
				82628EDE2730C4BD00719A51 /* ViewController.swift in Sources */,
				823E5FA92734DE11003F3FA4 /* ReusableFunctionsViewController.swift in Sources */,
				823E5FA72734C9BE003F3FA4 /* UserRegisterViewController.swift in Sources */,
				823E5FA52734C96D003F3FA4 /* UserLoginViewController.swift in Sources */,
				82628EDA2730C4BD00719A51 /* AppDelegate.swift in Sources */,
				82628EDC2730C4BD00719A51 /* SceneDelegate.swift in Sources */,
			);
			runOnlyForDeploymentPostprocessing = 0;
		};
/* End PBXSourcesBuildPhase section */

/* Begin PBXVariantGroup section */
		82628EDF2730C4BD00719A51 /* Main.storyboard */ = {
			isa = PBXVariantGroup;
			children = (
				82628EE02730C4BD00719A51 /* Base */,
			);
			name = Main.storyboard;
			sourceTree = "<group>";
		};
		82628EE72730C4BF00719A51 /* LaunchScreen.storyboard */ = {
			isa = PBXVariantGroup;
			children = (
				82628EE82730C4BF00719A51 /* Base */,
			);
			name = LaunchScreen.storyboard;
			sourceTree = "<group>";
		};
/* End PBXVariantGroup section */

/* Begin XCBuildConfiguration section */
		82628EEB2730C4BF00719A51 /* Debug */ = {
			isa = XCBuildConfiguration;
			buildSettings = {
				ALWAYS_SEARCH_USER_PATHS = NO;
				CLANG_ANALYZER_NONNULL = YES;
				CLANG_ANALYZER_NUMBER_OBJECT_CONVERSION = YES_AGGRESSIVE;
				CLANG_CXX_LANGUAGE_STANDARD = "gnu++17";
				CLANG_CXX_LIBRARY = "libc++";
				CLANG_ENABLE_MODULES = YES;
				CLANG_ENABLE_OBJC_ARC = YES;
				CLANG_ENABLE_OBJC_WEAK = YES;
				CLANG_WARN_BLOCK_CAPTURE_AUTORELEASING = YES;
				CLANG_WARN_BOOL_CONVERSION = YES;
				CLANG_WARN_COMMA = YES;
				CLANG_WARN_CONSTANT_CONVERSION = YES;
				CLANG_WARN_DEPRECATED_OBJC_IMPLEMENTATIONS = YES;
				CLANG_WARN_DIRECT_OBJC_ISA_USAGE = YES_ERROR;
				CLANG_WARN_DOCUMENTATION_COMMENTS = YES;
				CLANG_WARN_EMPTY_BODY = YES;
				CLANG_WARN_ENUM_CONVERSION = YES;
				CLANG_WARN_INFINITE_RECURSION = YES;
				CLANG_WARN_INT_CONVERSION = YES;
				CLANG_WARN_NON_LITERAL_NULL_CONVERSION = YES;
				CLANG_WARN_OBJC_IMPLICIT_RETAIN_SELF = YES;
				CLANG_WARN_OBJC_LITERAL_CONVERSION = YES;
				CLANG_WARN_OBJC_ROOT_CLASS = YES_ERROR;
				CLANG_WARN_QUOTED_INCLUDE_IN_FRAMEWORK_HEADER = YES;
				CLANG_WARN_RANGE_LOOP_ANALYSIS = YES;
				CLANG_WARN_STRICT_PROTOTYPES = YES;
				CLANG_WARN_SUSPICIOUS_MOVE = YES;
				CLANG_WARN_UNGUARDED_AVAILABILITY = YES_AGGRESSIVE;
				CLANG_WARN_UNREACHABLE_CODE = YES;
				CLANG_WARN__DUPLICATE_METHOD_MATCH = YES;
				COPY_PHASE_STRIP = NO;
				DEBUG_INFORMATION_FORMAT = dwarf;
				ENABLE_STRICT_OBJC_MSGSEND = YES;
				ENABLE_TESTABILITY = YES;
				GCC_C_LANGUAGE_STANDARD = gnu11;
				GCC_DYNAMIC_NO_PIC = NO;
				GCC_NO_COMMON_BLOCKS = YES;
				GCC_OPTIMIZATION_LEVEL = 0;
				GCC_PREPROCESSOR_DEFINITIONS = (
					"DEBUG=1",
					"$(inherited)",
				);
				GCC_WARN_64_TO_32_BIT_CONVERSION = YES;
				GCC_WARN_ABOUT_RETURN_TYPE = YES_ERROR;
				GCC_WARN_UNDECLARED_SELECTOR = YES;
				GCC_WARN_UNINITIALIZED_AUTOS = YES_AGGRESSIVE;
				GCC_WARN_UNUSED_FUNCTION = YES;
				GCC_WARN_UNUSED_VARIABLE = YES;
				IPHONEOS_DEPLOYMENT_TARGET = 15.0;
				MTL_ENABLE_DEBUG_INFO = INCLUDE_SOURCE;
				MTL_FAST_MATH = YES;
				ONLY_ACTIVE_ARCH = YES;
				SDKROOT = iphoneos;
				SWIFT_ACTIVE_COMPILATION_CONDITIONS = DEBUG;
				SWIFT_OPTIMIZATION_LEVEL = "-Onone";
			};
			name = Debug;
		};
		82628EEC2730C4BF00719A51 /* Release */ = {
			isa = XCBuildConfiguration;
			buildSettings = {
				ALWAYS_SEARCH_USER_PATHS = NO;
				CLANG_ANALYZER_NONNULL = YES;
				CLANG_ANALYZER_NUMBER_OBJECT_CONVERSION = YES_AGGRESSIVE;
				CLANG_CXX_LANGUAGE_STANDARD = "gnu++17";
				CLANG_CXX_LIBRARY = "libc++";
				CLANG_ENABLE_MODULES = YES;
				CLANG_ENABLE_OBJC_ARC = YES;
				CLANG_ENABLE_OBJC_WEAK = YES;
				CLANG_WARN_BLOCK_CAPTURE_AUTORELEASING = YES;
				CLANG_WARN_BOOL_CONVERSION = YES;
				CLANG_WARN_COMMA = YES;
				CLANG_WARN_CONSTANT_CONVERSION = YES;
				CLANG_WARN_DEPRECATED_OBJC_IMPLEMENTATIONS = YES;
				CLANG_WARN_DIRECT_OBJC_ISA_USAGE = YES_ERROR;
				CLANG_WARN_DOCUMENTATION_COMMENTS = YES;
				CLANG_WARN_EMPTY_BODY = YES;
				CLANG_WARN_ENUM_CONVERSION = YES;
				CLANG_WARN_INFINITE_RECURSION = YES;
				CLANG_WARN_INT_CONVERSION = YES;
				CLANG_WARN_NON_LITERAL_NULL_CONVERSION = YES;
				CLANG_WARN_OBJC_IMPLICIT_RETAIN_SELF = YES;
				CLANG_WARN_OBJC_LITERAL_CONVERSION = YES;
				CLANG_WARN_OBJC_ROOT_CLASS = YES_ERROR;
				CLANG_WARN_QUOTED_INCLUDE_IN_FRAMEWORK_HEADER = YES;
				CLANG_WARN_RANGE_LOOP_ANALYSIS = YES;
				CLANG_WARN_STRICT_PROTOTYPES = YES;
				CLANG_WARN_SUSPICIOUS_MOVE = YES;
				CLANG_WARN_UNGUARDED_AVAILABILITY = YES_AGGRESSIVE;
				CLANG_WARN_UNREACHABLE_CODE = YES;
				CLANG_WARN__DUPLICATE_METHOD_MATCH = YES;
				COPY_PHASE_STRIP = NO;
				DEBUG_INFORMATION_FORMAT = "dwarf-with-dsym";
				ENABLE_NS_ASSERTIONS = NO;
				ENABLE_STRICT_OBJC_MSGSEND = YES;
				GCC_C_LANGUAGE_STANDARD = gnu11;
				GCC_NO_COMMON_BLOCKS = YES;
				GCC_WARN_64_TO_32_BIT_CONVERSION = YES;
				GCC_WARN_ABOUT_RETURN_TYPE = YES_ERROR;
				GCC_WARN_UNDECLARED_SELECTOR = YES;
				GCC_WARN_UNINITIALIZED_AUTOS = YES_AGGRESSIVE;
				GCC_WARN_UNUSED_FUNCTION = YES;
				GCC_WARN_UNUSED_VARIABLE = YES;
				IPHONEOS_DEPLOYMENT_TARGET = 15.0;
				MTL_ENABLE_DEBUG_INFO = NO;
				MTL_FAST_MATH = YES;
				SDKROOT = iphoneos;
				SWIFT_COMPILATION_MODE = wholemodule;
				SWIFT_OPTIMIZATION_LEVEL = "-O";
				VALIDATE_PRODUCT = YES;
			};
			name = Release;
		};
		82628EEE2730C4BF00719A51 /* Debug */ = {
			isa = XCBuildConfiguration;
			buildSettings = {
				ASSETCATALOG_COMPILER_APPICON_NAME = AppIcon;
				ASSETCATALOG_COMPILER_GLOBAL_ACCENT_COLOR_NAME = AccentColor;
				CODE_SIGN_STYLE = Automatic;
				CURRENT_PROJECT_VERSION = 1;
				GENERATE_INFOPLIST_FILE = YES;
				INFOPLIST_FILE = pandapp/Info.plist;
				INFOPLIST_KEY_UIApplicationSupportsIndirectInputEvents = YES;
				INFOPLIST_KEY_UILaunchStoryboardName = LaunchScreen;
				INFOPLIST_KEY_UIMainStoryboardFile = Main;
				INFOPLIST_KEY_UISupportedInterfaceOrientations_iPad = "UIInterfaceOrientationPortrait UIInterfaceOrientationPortraitUpsideDown UIInterfaceOrientationLandscapeLeft UIInterfaceOrientationLandscapeRight";
				INFOPLIST_KEY_UISupportedInterfaceOrientations_iPhone = "UIInterfaceOrientationPortrait UIInterfaceOrientationLandscapeLeft UIInterfaceOrientationLandscapeRight";
				LD_RUNPATH_SEARCH_PATHS = (
					"$(inherited)",
					"@executable_path/Frameworks",
				);
				MARKETING_VERSION = 1.0;
				PRODUCT_BUNDLE_IDENTIFIER = "-.pandapp";
				PRODUCT_NAME = "$(TARGET_NAME)";
				SWIFT_EMIT_LOC_STRINGS = YES;
				SWIFT_VERSION = 5.0;
				TARGETED_DEVICE_FAMILY = "1,2";
			};
			name = Debug;
		};
		82628EEF2730C4BF00719A51 /* Release */ = {
			isa = XCBuildConfiguration;
			buildSettings = {
				ASSETCATALOG_COMPILER_APPICON_NAME = AppIcon;
				ASSETCATALOG_COMPILER_GLOBAL_ACCENT_COLOR_NAME = AccentColor;
				CODE_SIGN_STYLE = Automatic;
				CURRENT_PROJECT_VERSION = 1;
				GENERATE_INFOPLIST_FILE = YES;
				INFOPLIST_FILE = pandapp/Info.plist;
				INFOPLIST_KEY_UIApplicationSupportsIndirectInputEvents = YES;
				INFOPLIST_KEY_UILaunchStoryboardName = LaunchScreen;
				INFOPLIST_KEY_UIMainStoryboardFile = Main;
				INFOPLIST_KEY_UISupportedInterfaceOrientations_iPad = "UIInterfaceOrientationPortrait UIInterfaceOrientationPortraitUpsideDown UIInterfaceOrientationLandscapeLeft UIInterfaceOrientationLandscapeRight";
				INFOPLIST_KEY_UISupportedInterfaceOrientations_iPhone = "UIInterfaceOrientationPortrait UIInterfaceOrientationLandscapeLeft UIInterfaceOrientationLandscapeRight";
				LD_RUNPATH_SEARCH_PATHS = (
					"$(inherited)",
					"@executable_path/Frameworks",
				);
				MARKETING_VERSION = 1.0;
				PRODUCT_BUNDLE_IDENTIFIER = "-.pandapp";
				PRODUCT_NAME = "$(TARGET_NAME)";
				SWIFT_EMIT_LOC_STRINGS = YES;
				SWIFT_VERSION = 5.0;
				TARGETED_DEVICE_FAMILY = "1,2";
			};
			name = Release;
		};
/* End XCBuildConfiguration section */

/* Begin XCConfigurationList section */
		82628ED12730C4BD00719A51 /* Build configuration list for PBXProject "pandapp" */ = {
			isa = XCConfigurationList;
			buildConfigurations = (
				82628EEB2730C4BF00719A51 /* Debug */,
				82628EEC2730C4BF00719A51 /* Release */,
			);
			defaultConfigurationIsVisible = 0;
			defaultConfigurationName = Release;
		};
		82628EED2730C4BF00719A51 /* Build configuration list for PBXNativeTarget "pandapp" */ = {
			isa = XCConfigurationList;
			buildConfigurations = (
				82628EEE2730C4BF00719A51 /* Debug */,
				82628EEF2730C4BF00719A51 /* Release */,
			);
			defaultConfigurationIsVisible = 0;
			defaultConfigurationName = Release;
		};
/* End XCConfigurationList section */

/* Begin XCVersionGroup section */
		82628EE22730C4BD00719A51 /* pandapp.xcdatamodeld */ = {
			isa = XCVersionGroup;
			children = (
				82628EE32730C4BD00719A51 /* pandapp.xcdatamodel */,
			);
			currentVersion = 82628EE32730C4BD00719A51 /* pandapp.xcdatamodel */;
			path = pandapp.xcdatamodeld;
			sourceTree = "<group>";
			versionGroupType = wrapper.xcdatamodel;
		};
/* End XCVersionGroup section */
	};
	rootObject = 82628ECE2730C4BD00719A51 /* Project object */;
}
