// !$*UTF8*$!
{
	archiveVersion = 1;
	classes = {
	};
	objectVersion = 55;
	objects = {

/* Begin PBXBuildFile section */
		52D7735212D28ABCDA8D986F /* Pods_pandapp.framework in Frameworks */ = {isa = PBXBuildFile; fileRef = BE227153A47BBA1857149A68 /* Pods_pandapp.framework */; };
		8234D7542759AE77006AAEBF /* UpdateUserViewController.swift in Sources */ = {isa = PBXBuildFile; fileRef = 8234D7532759AE77006AAEBF /* UpdateUserViewController.swift */; };
		823E5FA52734C96D003F3FA4 /* UserLoginViewController.swift in Sources */ = {isa = PBXBuildFile; fileRef = 823E5FA42734C96D003F3FA4 /* UserLoginViewController.swift */; };
		823E5FA72734C9BE003F3FA4 /* UserRegisterViewController.swift in Sources */ = {isa = PBXBuildFile; fileRef = 823E5FA62734C9BE003F3FA4 /* UserRegisterViewController.swift */; };
		823E5FA92734DE11003F3FA4 /* ReusableFunctionsViewController.swift in Sources */ = {isa = PBXBuildFile; fileRef = 823E5FA82734DE11003F3FA4 /* ReusableFunctionsViewController.swift */; };
		823E5FAB2735903F003F3FA4 /* PasswordResetViewController.swift in Sources */ = {isa = PBXBuildFile; fileRef = 823E5FAA2735903F003F3FA4 /* PasswordResetViewController.swift */; };
		823E5FAD27362B60003F3FA4 /* ClubViewController.swift in Sources */ = {isa = PBXBuildFile; fileRef = 823E5FAC27362B60003F3FA4 /* ClubViewController.swift */; };
		823E5FAF27363754003F3FA4 /* ClubRegisterViewController.swift in Sources */ = {isa = PBXBuildFile; fileRef = 823E5FAE27363754003F3FA4 /* ClubRegisterViewController.swift */; };
		823E5FB22737FA3B003F3FA4 /* ELearningViewController.swift in Sources */ = {isa = PBXBuildFile; fileRef = 823E5FB12737FA3B003F3FA4 /* ELearningViewController.swift */; };
		823E5FB427389842003F3FA4 /* HomeViewController.swift in Sources */ = {isa = PBXBuildFile; fileRef = 823E5FB327389842003F3FA4 /* HomeViewController.swift */; };
		823E5FB62738A9EB003F3FA4 /* MapViewController.swift in Sources */ = {isa = PBXBuildFile; fileRef = 823E5FB52738A9EB003F3FA4 /* MapViewController.swift */; };
		823E5FB82739CAF7003F3FA4 /* AddEventViewController.swift in Sources */ = {isa = PBXBuildFile; fileRef = 823E5FB72739CAF7003F3FA4 /* AddEventViewController.swift */; };
		82454EB6275D8681005590A4 /* ClubGoogleCompleteProfileViewController.swift in Sources */ = {isa = PBXBuildFile; fileRef = 82454EB5275D8681005590A4 /* ClubGoogleCompleteProfileViewController.swift */; };
		82454EB9275D87BF005590A4 /* GoogleSegueClub.swift in Sources */ = {isa = PBXBuildFile; fileRef = 82454EB8275D87BF005590A4 /* GoogleSegueClub.swift */; };
		8252B155275487E700AF300A /* LoginUser.swift in Sources */ = {isa = PBXBuildFile; fileRef = 8252B154275487E700AF300A /* LoginUser.swift */; };
		82594ADC2754227D0062575F /* PdfViewController.swift in Sources */ = {isa = PBXBuildFile; fileRef = 82594ADB2754227D0062575F /* PdfViewController.swift */; };
		82628EDA2730C4BD00719A51 /* AppDelegate.swift in Sources */ = {isa = PBXBuildFile; fileRef = 82628ED92730C4BD00719A51 /* AppDelegate.swift */; };
		82628EDC2730C4BD00719A51 /* SceneDelegate.swift in Sources */ = {isa = PBXBuildFile; fileRef = 82628EDB2730C4BD00719A51 /* SceneDelegate.swift */; };
		82628EDE2730C4BD00719A51 /* ViewController.swift in Sources */ = {isa = PBXBuildFile; fileRef = 82628EDD2730C4BD00719A51 /* ViewController.swift */; };
		82628EE12730C4BD00719A51 /* Main.storyboard in Resources */ = {isa = PBXBuildFile; fileRef = 82628EDF2730C4BD00719A51 /* Main.storyboard */; };
		82628EE42730C4BD00719A51 /* pandapp.xcdatamodeld in Sources */ = {isa = PBXBuildFile; fileRef = 82628EE22730C4BD00719A51 /* pandapp.xcdatamodeld */; };
		82628EE62730C4BF00719A51 /* Assets.xcassets in Resources */ = {isa = PBXBuildFile; fileRef = 82628EE52730C4BF00719A51 /* Assets.xcassets */; };
		82628EE92730C4BF00719A51 /* LaunchScreen.storyboard in Resources */ = {isa = PBXBuildFile; fileRef = 82628EE72730C4BF00719A51 /* LaunchScreen.storyboard */; };
		827387062734BE55005C8A9B /* UserprofileViewController.swift in Sources */ = {isa = PBXBuildFile; fileRef = 827387052734BE55005C8A9B /* UserprofileViewController.swift */; };
		8276281A274C7ED50068B01D /* ConnectionDb.swift in Sources */ = {isa = PBXBuildFile; fileRef = 82762819274C7ED50068B01D /* ConnectionDb.swift */; };
		8288D497275397F70088CAA9 /* AddLostPostViewController.swift in Sources */ = {isa = PBXBuildFile; fileRef = 8288D496275397F70088CAA9 /* AddLostPostViewController.swift */; };
		8288D4992753F4040088CAA9 /* ModuleElearningViewController.swift in Sources */ = {isa = PBXBuildFile; fileRef = 8288D4982753F4040088CAA9 /* ModuleElearningViewController.swift */; };
		8288D49B275408760088CAA9 /* DetailModuleViewController.swift in Sources */ = {isa = PBXBuildFile; fileRef = 8288D49A275408760088CAA9 /* DetailModuleViewController.swift */; };
		829BEDC52763B83400F179B5 /* ChatRoomViewController.swift in Sources */ = {isa = PBXBuildFile; fileRef = 829BEDC42763B83400F179B5 /* ChatRoomViewController.swift */; };
		829EE46B275946FB003963E2 /* UpdateClubProfileViewController.swift in Sources */ = {isa = PBXBuildFile; fileRef = 829EE46A275946FB003963E2 /* UpdateClubProfileViewController.swift */; };
		82A0F4812751800C0009F372 /* UploadImageStruct.swift in Sources */ = {isa = PBXBuildFile; fileRef = 82A0F4802751800C0009F372 /* UploadImageStruct.swift */; };
		82A0F483275180500009F372 /* UploadImageService.swift in Sources */ = {isa = PBXBuildFile; fileRef = 82A0F482275180500009F372 /* UploadImageService.swift */; };
		82A47D70274C907C002B6F64 /* Register2ViewController.swift in Sources */ = {isa = PBXBuildFile; fileRef = 82A47D6F274C907C002B6F64 /* Register2ViewController.swift */; };
		82A9226027432ED5008D3A8C /* Clubs.swift in Sources */ = {isa = PBXBuildFile; fileRef = 82A9225F27432ED5008D3A8C /* Clubs.swift */; };
		82A922622743306D008D3A8C /* User.swift in Sources */ = {isa = PBXBuildFile; fileRef = 82A922612743306D008D3A8C /* User.swift */; };
		82A9226427433140008D3A8C /* Document.swift in Sources */ = {isa = PBXBuildFile; fileRef = 82A9226327433140008D3A8C /* Document.swift */; };
		82A92266274331CA008D3A8C /* EventPost.swift in Sources */ = {isa = PBXBuildFile; fileRef = 82A92265274331CA008D3A8C /* EventPost.swift */; };
		82A92268274332A3008D3A8C /* LostPost.swift in Sources */ = {isa = PBXBuildFile; fileRef = 82A92267274332A3008D3A8C /* LostPost.swift */; };
		82A9226A2743334A008D3A8C /* OtherPost.swift in Sources */ = {isa = PBXBuildFile; fileRef = 82A922692743334A008D3A8C /* OtherPost.swift */; };
		82A9226C2743340E008D3A8C /* Parking.swift in Sources */ = {isa = PBXBuildFile; fileRef = 82A9226B2743340E008D3A8C /* Parking.swift */; };
		82A9226E27433489008D3A8C /* Surveys.swift in Sources */ = {isa = PBXBuildFile; fileRef = 82A9226D27433489008D3A8C /* Surveys.swift */; };
		82A92270274337F9008D3A8C /* ClubsViewModel.swift in Sources */ = {isa = PBXBuildFile; fileRef = 82A9226F274337F9008D3A8C /* ClubsViewModel.swift */; };
		82A9227227433825008D3A8C /* userViewModel.swift in Sources */ = {isa = PBXBuildFile; fileRef = 82A9227127433825008D3A8C /* userViewModel.swift */; };
		82A922742743384A008D3A8C /* DocumentViewModel.swift in Sources */ = {isa = PBXBuildFile; fileRef = 82A922732743384A008D3A8C /* DocumentViewModel.swift */; };
		82A9227627433862008D3A8C /* EventPostViewModel.swift in Sources */ = {isa = PBXBuildFile; fileRef = 82A9227527433862008D3A8C /* EventPostViewModel.swift */; };
		82A922782743388A008D3A8C /* LostPostViewModel.swift in Sources */ = {isa = PBXBuildFile; fileRef = 82A922772743388A008D3A8C /* LostPostViewModel.swift */; };
		82A9227A274338B9008D3A8C /* OtherPostViewModel.swift in Sources */ = {isa = PBXBuildFile; fileRef = 82A92279274338B9008D3A8C /* OtherPostViewModel.swift */; };
		82A9227C274338E5008D3A8C /* ParkingViewModel.swift in Sources */ = {isa = PBXBuildFile; fileRef = 82A9227B274338E5008D3A8C /* ParkingViewModel.swift */; };
		82A9227E2743390A008D3A8C /* SurveysViewModel.swift in Sources */ = {isa = PBXBuildFile; fileRef = 82A9227D2743390A008D3A8C /* SurveysViewModel.swift */; };
		82AE1D1B275D29D20052116B /* CompleteYourProfileViewController.swift in Sources */ = {isa = PBXBuildFile; fileRef = 82AE1D1A275D29D20052116B /* CompleteYourProfileViewController.swift */; };
		82AE1D1D275D37AA0052116B /* GoogleSegue.swift in Sources */ = {isa = PBXBuildFile; fileRef = 82AE1D1C275D37AA0052116B /* GoogleSegue.swift */; };
		82B1412727807B0D0050255B /* RatePost.swift in Sources */ = {isa = PBXBuildFile; fileRef = 82B1412627807B0D0050255B /* RatePost.swift */; };
		82B1412927807B690050255B /* RatePostViewModel.swift in Sources */ = {isa = PBXBuildFile; fileRef = 82B1412827807B690050255B /* RatePostViewModel.swift */; };
		82B2F4E2275A960A007AA9D7 /* ClubMembers.swift in Sources */ = {isa = PBXBuildFile; fileRef = 82B2F4E1275A960A007AA9D7 /* ClubMembers.swift */; };
		82B2F4E4275A96CE007AA9D7 /* ClubMembersViewModel.swift in Sources */ = {isa = PBXBuildFile; fileRef = 82B2F4E3275A96CE007AA9D7 /* ClubMembersViewModel.swift */; };
		82B2F4E6275A97D1007AA9D7 /* ClubMembersViewController.swift in Sources */ = {isa = PBXBuildFile; fileRef = 82B2F4E5275A97D1007AA9D7 /* ClubMembersViewController.swift */; };
		82B7B36E2756E0400017503E /* AddDocumentViewController.swift in Sources */ = {isa = PBXBuildFile; fileRef = 82B7B36D2756E0400017503E /* AddDocumentViewController.swift */; };
		82B7B3702756F3E90017503E /* DocumentViewController.swift in Sources */ = {isa = PBXBuildFile; fileRef = 82B7B36F2756F3E90017503E /* DocumentViewController.swift */; };
		82BA60A5275644B400037525 /* ResetTwoViewController.swift in Sources */ = {isa = PBXBuildFile; fileRef = 82BA60A4275644B400037525 /* ResetTwoViewController.swift */; };
		82BB48EA275ED8D7005D67E3 /* EventInt.swift in Sources */ = {isa = PBXBuildFile; fileRef = 82BB48E9275ED8D7005D67E3 /* EventInt.swift */; };
		82BB48EC275ED948005D67E3 /* EventIntViewModel.swift in Sources */ = {isa = PBXBuildFile; fileRef = 82BB48EB275ED948005D67E3 /* EventIntViewModel.swift */; };
		82BB48EF275EE61E005D67E3 /* EventDetailsViewController.swift in Sources */ = {isa = PBXBuildFile; fileRef = 82BB48EE275EE61E005D67E3 /* EventDetailsViewController.swift */; };
		82BCA6BF2755BA5000BC3CDB /* LoginClub.swift in Sources */ = {isa = PBXBuildFile; fileRef = 82BCA6BE2755BA5000BC3CDB /* LoginClub.swift */; };
		82E0EC24275878D900B58DE0 /* ChatViewController.swift in Sources */ = {isa = PBXBuildFile; fileRef = 82E0EC23275878D900B58DE0 /* ChatViewController.swift */; };
		82E4CA9A275C3E0A00769CB5 /* LostPostViewController.swift in Sources */ = {isa = PBXBuildFile; fileRef = 82E4CA99275C3E0A00769CB5 /* LostPostViewController.swift */; };
		82ECAC0C275263A000D2894F /* Elearning.swift in Sources */ = {isa = PBXBuildFile; fileRef = 82ECAC0B275263A000D2894F /* Elearning.swift */; };
		82ECAC0E275276CA00D2894F /* AddElearningViewController.swift in Sources */ = {isa = PBXBuildFile; fileRef = 82ECAC0D275276C900D2894F /* AddElearningViewController.swift */; };
		82ECAC10275276E300D2894F /* ElearningViewModel.swift in Sources */ = {isa = PBXBuildFile; fileRef = 82ECAC0F275276E300D2894F /* ElearningViewModel.swift */; };
		82ECAC1A275308AE00D2894F /* CustomTabBarVC.swift in Sources */ = {isa = PBXBuildFile; fileRef = 82ECAC19275308AE00D2894F /* CustomTabBarVC.swift */; };
		82ECAC1C27530B4100D2894F /* TabBarVC.swift in Sources */ = {isa = PBXBuildFile; fileRef = 82ECAC1B27530B4100D2894F /* TabBarVC.swift */; };
		82F58242275BEEC2006F6A91 /* VisitClubProfileViewController.swift in Sources */ = {isa = PBXBuildFile; fileRef = 82F58241275BEEC2006F6A91 /* VisitClubProfileViewController.swift */; };
		82F61CE3275BD91600E40F96 /* BrowseClubsViewController.swift in Sources */ = {isa = PBXBuildFile; fileRef = 82F61CE2275BD91600E40F96 /* BrowseClubsViewController.swift */; };
/* End PBXBuildFile section */

/* Begin PBXFileReference section */
		35E377F7BA1D40B843BECFC3 /* Pods-pandapp.debug.xcconfig */ = {isa = PBXFileReference; includeInIndex = 1; lastKnownFileType = text.xcconfig; name = "Pods-pandapp.debug.xcconfig"; path = "Target Support Files/Pods-pandapp/Pods-pandapp.debug.xcconfig"; sourceTree = "<group>"; };
		8234D7532759AE77006AAEBF /* UpdateUserViewController.swift */ = {isa = PBXFileReference; lastKnownFileType = sourcecode.swift; path = UpdateUserViewController.swift; sourceTree = "<group>"; };
		823E5FA42734C96D003F3FA4 /* UserLoginViewController.swift */ = {isa = PBXFileReference; lastKnownFileType = sourcecode.swift; path = UserLoginViewController.swift; sourceTree = "<group>"; };
		823E5FA62734C9BE003F3FA4 /* UserRegisterViewController.swift */ = {isa = PBXFileReference; lastKnownFileType = sourcecode.swift; path = UserRegisterViewController.swift; sourceTree = "<group>"; };
		823E5FA82734DE11003F3FA4 /* ReusableFunctionsViewController.swift */ = {isa = PBXFileReference; lastKnownFileType = sourcecode.swift; path = ReusableFunctionsViewController.swift; sourceTree = "<group>"; };
		823E5FAA2735903F003F3FA4 /* PasswordResetViewController.swift */ = {isa = PBXFileReference; lastKnownFileType = sourcecode.swift; path = PasswordResetViewController.swift; sourceTree = "<group>"; };
		823E5FAC27362B60003F3FA4 /* ClubViewController.swift */ = {isa = PBXFileReference; lastKnownFileType = sourcecode.swift; path = ClubViewController.swift; sourceTree = "<group>"; };
		823E5FAE27363754003F3FA4 /* ClubRegisterViewController.swift */ = {isa = PBXFileReference; lastKnownFileType = sourcecode.swift; path = ClubRegisterViewController.swift; sourceTree = "<group>"; };
		823E5FB12737FA3B003F3FA4 /* ELearningViewController.swift */ = {isa = PBXFileReference; lastKnownFileType = sourcecode.swift; path = ELearningViewController.swift; sourceTree = "<group>"; };
		823E5FB327389842003F3FA4 /* HomeViewController.swift */ = {isa = PBXFileReference; lastKnownFileType = sourcecode.swift; path = HomeViewController.swift; sourceTree = "<group>"; };
		823E5FB52738A9EB003F3FA4 /* MapViewController.swift */ = {isa = PBXFileReference; lastKnownFileType = sourcecode.swift; path = MapViewController.swift; sourceTree = "<group>"; };
		823E5FB72739CAF7003F3FA4 /* AddEventViewController.swift */ = {isa = PBXFileReference; lastKnownFileType = sourcecode.swift; path = AddEventViewController.swift; sourceTree = "<group>"; };
		82454EB5275D8681005590A4 /* ClubGoogleCompleteProfileViewController.swift */ = {isa = PBXFileReference; lastKnownFileType = sourcecode.swift; path = ClubGoogleCompleteProfileViewController.swift; sourceTree = "<group>"; };
		82454EB8275D87BF005590A4 /* GoogleSegueClub.swift */ = {isa = PBXFileReference; lastKnownFileType = sourcecode.swift; path = GoogleSegueClub.swift; sourceTree = "<group>"; };
		8252B154275487E700AF300A /* LoginUser.swift */ = {isa = PBXFileReference; lastKnownFileType = sourcecode.swift; path = LoginUser.swift; sourceTree = "<group>"; };
		82594ADB2754227D0062575F /* PdfViewController.swift */ = {isa = PBXFileReference; lastKnownFileType = sourcecode.swift; path = PdfViewController.swift; sourceTree = "<group>"; };
		82628ED62730C4BD00719A51 /* pandapp.app */ = {isa = PBXFileReference; explicitFileType = wrapper.application; includeInIndex = 0; path = pandapp.app; sourceTree = BUILT_PRODUCTS_DIR; };
		82628ED92730C4BD00719A51 /* AppDelegate.swift */ = {isa = PBXFileReference; lastKnownFileType = sourcecode.swift; path = AppDelegate.swift; sourceTree = "<group>"; };
		82628EDB2730C4BD00719A51 /* SceneDelegate.swift */ = {isa = PBXFileReference; lastKnownFileType = sourcecode.swift; path = SceneDelegate.swift; sourceTree = "<group>"; };
		82628EDD2730C4BD00719A51 /* ViewController.swift */ = {isa = PBXFileReference; lastKnownFileType = sourcecode.swift; path = ViewController.swift; sourceTree = "<group>"; };
		82628EE02730C4BD00719A51 /* Base */ = {isa = PBXFileReference; lastKnownFileType = file.storyboard; name = Base; path = Base.lproj/Main.storyboard; sourceTree = "<group>"; };
		82628EE32730C4BD00719A51 /* pandapp.xcdatamodel */ = {isa = PBXFileReference; lastKnownFileType = wrapper.xcdatamodel; path = pandapp.xcdatamodel; sourceTree = "<group>"; };
		82628EE52730C4BF00719A51 /* Assets.xcassets */ = {isa = PBXFileReference; lastKnownFileType = folder.assetcatalog; path = Assets.xcassets; sourceTree = "<group>"; };
		82628EE82730C4BF00719A51 /* Base */ = {isa = PBXFileReference; lastKnownFileType = file.storyboard; name = Base; path = Base.lproj/LaunchScreen.storyboard; sourceTree = "<group>"; };
		82628EEA2730C4BF00719A51 /* Info.plist */ = {isa = PBXFileReference; lastKnownFileType = text.plist.xml; path = Info.plist; sourceTree = "<group>"; };
		827387052734BE55005C8A9B /* UserprofileViewController.swift */ = {isa = PBXFileReference; lastKnownFileType = sourcecode.swift; path = UserprofileViewController.swift; sourceTree = "<group>"; };
		82762819274C7ED50068B01D /* ConnectionDb.swift */ = {isa = PBXFileReference; lastKnownFileType = sourcecode.swift; path = ConnectionDb.swift; sourceTree = "<group>"; };
		8288D496275397F70088CAA9 /* AddLostPostViewController.swift */ = {isa = PBXFileReference; lastKnownFileType = sourcecode.swift; path = AddLostPostViewController.swift; sourceTree = "<group>"; };
		8288D4982753F4040088CAA9 /* ModuleElearningViewController.swift */ = {isa = PBXFileReference; lastKnownFileType = sourcecode.swift; path = ModuleElearningViewController.swift; sourceTree = "<group>"; };
		8288D49A275408760088CAA9 /* DetailModuleViewController.swift */ = {isa = PBXFileReference; lastKnownFileType = sourcecode.swift; path = DetailModuleViewController.swift; sourceTree = "<group>"; };
		829BEDC42763B83400F179B5 /* ChatRoomViewController.swift */ = {isa = PBXFileReference; lastKnownFileType = sourcecode.swift; path = ChatRoomViewController.swift; sourceTree = "<group>"; };
		829EE46A275946FB003963E2 /* UpdateClubProfileViewController.swift */ = {isa = PBXFileReference; lastKnownFileType = sourcecode.swift; path = UpdateClubProfileViewController.swift; sourceTree = "<group>"; };
		82A0F4802751800C0009F372 /* UploadImageStruct.swift */ = {isa = PBXFileReference; lastKnownFileType = sourcecode.swift; path = UploadImageStruct.swift; sourceTree = "<group>"; };
		82A0F482275180500009F372 /* UploadImageService.swift */ = {isa = PBXFileReference; lastKnownFileType = sourcecode.swift; path = UploadImageService.swift; sourceTree = "<group>"; };
		82A47D6F274C907C002B6F64 /* Register2ViewController.swift */ = {isa = PBXFileReference; lastKnownFileType = sourcecode.swift; path = Register2ViewController.swift; sourceTree = "<group>"; };
		82A9225F27432ED5008D3A8C /* Clubs.swift */ = {isa = PBXFileReference; lastKnownFileType = sourcecode.swift; path = Clubs.swift; sourceTree = "<group>"; };
		82A922612743306D008D3A8C /* User.swift */ = {isa = PBXFileReference; lastKnownFileType = sourcecode.swift; path = User.swift; sourceTree = "<group>"; };
		82A9226327433140008D3A8C /* Document.swift */ = {isa = PBXFileReference; lastKnownFileType = sourcecode.swift; path = Document.swift; sourceTree = "<group>"; };
		82A92265274331CA008D3A8C /* EventPost.swift */ = {isa = PBXFileReference; lastKnownFileType = sourcecode.swift; path = EventPost.swift; sourceTree = "<group>"; };
		82A92267274332A3008D3A8C /* LostPost.swift */ = {isa = PBXFileReference; lastKnownFileType = sourcecode.swift; path = LostPost.swift; sourceTree = "<group>"; };
		82A922692743334A008D3A8C /* OtherPost.swift */ = {isa = PBXFileReference; lastKnownFileType = sourcecode.swift; path = OtherPost.swift; sourceTree = "<group>"; };
		82A9226B2743340E008D3A8C /* Parking.swift */ = {isa = PBXFileReference; lastKnownFileType = sourcecode.swift; path = Parking.swift; sourceTree = "<group>"; };
		82A9226D27433489008D3A8C /* Surveys.swift */ = {isa = PBXFileReference; lastKnownFileType = sourcecode.swift; path = Surveys.swift; sourceTree = "<group>"; };
		82A9226F274337F9008D3A8C /* ClubsViewModel.swift */ = {isa = PBXFileReference; lastKnownFileType = sourcecode.swift; path = ClubsViewModel.swift; sourceTree = "<group>"; };
		82A9227127433825008D3A8C /* userViewModel.swift */ = {isa = PBXFileReference; lastKnownFileType = sourcecode.swift; path = userViewModel.swift; sourceTree = "<group>"; };
		82A922732743384A008D3A8C /* DocumentViewModel.swift */ = {isa = PBXFileReference; lastKnownFileType = sourcecode.swift; path = DocumentViewModel.swift; sourceTree = "<group>"; };
		82A9227527433862008D3A8C /* EventPostViewModel.swift */ = {isa = PBXFileReference; lastKnownFileType = sourcecode.swift; path = EventPostViewModel.swift; sourceTree = "<group>"; };
		82A922772743388A008D3A8C /* LostPostViewModel.swift */ = {isa = PBXFileReference; lastKnownFileType = sourcecode.swift; path = LostPostViewModel.swift; sourceTree = "<group>"; };
		82A92279274338B9008D3A8C /* OtherPostViewModel.swift */ = {isa = PBXFileReference; lastKnownFileType = sourcecode.swift; path = OtherPostViewModel.swift; sourceTree = "<group>"; };
		82A9227B274338E5008D3A8C /* ParkingViewModel.swift */ = {isa = PBXFileReference; lastKnownFileType = sourcecode.swift; path = ParkingViewModel.swift; sourceTree = "<group>"; };
		82A9227D2743390A008D3A8C /* SurveysViewModel.swift */ = {isa = PBXFileReference; lastKnownFileType = sourcecode.swift; path = SurveysViewModel.swift; sourceTree = "<group>"; };
		82AE1D1A275D29D20052116B /* CompleteYourProfileViewController.swift */ = {isa = PBXFileReference; lastKnownFileType = sourcecode.swift; path = CompleteYourProfileViewController.swift; sourceTree = "<group>"; };
		82AE1D1C275D37AA0052116B /* GoogleSegue.swift */ = {isa = PBXFileReference; lastKnownFileType = sourcecode.swift; path = GoogleSegue.swift; sourceTree = "<group>"; };
		82B1412627807B0D0050255B /* RatePost.swift */ = {isa = PBXFileReference; lastKnownFileType = sourcecode.swift; path = RatePost.swift; sourceTree = "<group>"; };
		82B1412827807B690050255B /* RatePostViewModel.swift */ = {isa = PBXFileReference; lastKnownFileType = sourcecode.swift; path = RatePostViewModel.swift; sourceTree = "<group>"; };
		82B2F4E1275A960A007AA9D7 /* ClubMembers.swift */ = {isa = PBXFileReference; lastKnownFileType = sourcecode.swift; path = ClubMembers.swift; sourceTree = "<group>"; };
		82B2F4E3275A96CE007AA9D7 /* ClubMembersViewModel.swift */ = {isa = PBXFileReference; lastKnownFileType = sourcecode.swift; path = ClubMembersViewModel.swift; sourceTree = "<group>"; };
		82B2F4E5275A97D1007AA9D7 /* ClubMembersViewController.swift */ = {isa = PBXFileReference; lastKnownFileType = sourcecode.swift; path = ClubMembersViewController.swift; sourceTree = "<group>"; };
		82B7B36D2756E0400017503E /* AddDocumentViewController.swift */ = {isa = PBXFileReference; lastKnownFileType = sourcecode.swift; path = AddDocumentViewController.swift; sourceTree = "<group>"; };
		82B7B36F2756F3E90017503E /* DocumentViewController.swift */ = {isa = PBXFileReference; lastKnownFileType = sourcecode.swift; path = DocumentViewController.swift; sourceTree = "<group>"; };
		82BA60A4275644B400037525 /* ResetTwoViewController.swift */ = {isa = PBXFileReference; lastKnownFileType = sourcecode.swift; path = ResetTwoViewController.swift; sourceTree = "<group>"; };
		82BB48E9275ED8D7005D67E3 /* EventInt.swift */ = {isa = PBXFileReference; lastKnownFileType = sourcecode.swift; path = EventInt.swift; sourceTree = "<group>"; };
		82BB48EB275ED948005D67E3 /* EventIntViewModel.swift */ = {isa = PBXFileReference; lastKnownFileType = sourcecode.swift; path = EventIntViewModel.swift; sourceTree = "<group>"; };
		82BB48EE275EE61E005D67E3 /* EventDetailsViewController.swift */ = {isa = PBXFileReference; lastKnownFileType = sourcecode.swift; path = EventDetailsViewController.swift; sourceTree = "<group>"; };
		82BCA6BE2755BA5000BC3CDB /* LoginClub.swift */ = {isa = PBXFileReference; lastKnownFileType = sourcecode.swift; path = LoginClub.swift; sourceTree = "<group>"; };
		82E0EC23275878D900B58DE0 /* ChatViewController.swift */ = {isa = PBXFileReference; lastKnownFileType = sourcecode.swift; path = ChatViewController.swift; sourceTree = "<group>"; };
		82E4CA99275C3E0A00769CB5 /* LostPostViewController.swift */ = {isa = PBXFileReference; lastKnownFileType = sourcecode.swift; path = LostPostViewController.swift; sourceTree = "<group>"; };
		82ECAC0B275263A000D2894F /* Elearning.swift */ = {isa = PBXFileReference; lastKnownFileType = sourcecode.swift; path = Elearning.swift; sourceTree = "<group>"; };
		82ECAC0D275276C900D2894F /* AddElearningViewController.swift */ = {isa = PBXFileReference; lastKnownFileType = sourcecode.swift; path = AddElearningViewController.swift; sourceTree = "<group>"; };
		82ECAC0F275276E300D2894F /* ElearningViewModel.swift */ = {isa = PBXFileReference; lastKnownFileType = sourcecode.swift; path = ElearningViewModel.swift; sourceTree = "<group>"; };
		82ECAC19275308AE00D2894F /* CustomTabBarVC.swift */ = {isa = PBXFileReference; lastKnownFileType = sourcecode.swift; path = CustomTabBarVC.swift; sourceTree = "<group>"; };
		82ECAC1B27530B4100D2894F /* TabBarVC.swift */ = {isa = PBXFileReference; lastKnownFileType = sourcecode.swift; path = TabBarVC.swift; sourceTree = "<group>"; };
		82F58241275BEEC2006F6A91 /* VisitClubProfileViewController.swift */ = {isa = PBXFileReference; lastKnownFileType = sourcecode.swift; path = VisitClubProfileViewController.swift; sourceTree = "<group>"; };
		82F61CE2275BD91600E40F96 /* BrowseClubsViewController.swift */ = {isa = PBXFileReference; lastKnownFileType = sourcecode.swift; path = BrowseClubsViewController.swift; sourceTree = "<group>"; };
		B1846F83AE6FFE2D440D4F00 /* Pods-pandapp.release.xcconfig */ = {isa = PBXFileReference; includeInIndex = 1; lastKnownFileType = text.xcconfig; name = "Pods-pandapp.release.xcconfig"; path = "Target Support Files/Pods-pandapp/Pods-pandapp.release.xcconfig"; sourceTree = "<group>"; };
		BE227153A47BBA1857149A68 /* Pods_pandapp.framework */ = {isa = PBXFileReference; explicitFileType = wrapper.framework; includeInIndex = 0; path = Pods_pandapp.framework; sourceTree = BUILT_PRODUCTS_DIR; };
/* End PBXFileReference section */

/* Begin PBXFrameworksBuildPhase section */
		82628ED32730C4BD00719A51 /* Frameworks */ = {
			isa = PBXFrameworksBuildPhase;
			buildActionMask = 2147483647;
			files = (
				52D7735212D28ABCDA8D986F /* Pods_pandapp.framework in Frameworks */,
			);
			runOnlyForDeploymentPostprocessing = 0;
		};
/* End PBXFrameworksBuildPhase section */

/* Begin PBXGroup section */
		30A3EBF7E5FA6C6F422EABB0 /* Pods */ = {
			isa = PBXGroup;
			children = (
				35E377F7BA1D40B843BECFC3 /* Pods-pandapp.debug.xcconfig */,
				B1846F83AE6FFE2D440D4F00 /* Pods-pandapp.release.xcconfig */,
			);
			path = Pods;
			sourceTree = "<group>";
		};
		82628ECD2730C4BD00719A51 = {
			isa = PBXGroup;
			children = (
				82628ED82730C4BD00719A51 /* pandapp */,
				82628ED72730C4BD00719A51 /* Products */,
				30A3EBF7E5FA6C6F422EABB0 /* Pods */,
				C8F7B8F55A5F0F83B48F1E90 /* Frameworks */,
			);
			sourceTree = "<group>";
		};
		82628ED72730C4BD00719A51 /* Products */ = {
			isa = PBXGroup;
			children = (
				82628ED62730C4BD00719A51 /* pandapp.app */,
			);
			name = Products;
			sourceTree = "<group>";
		};
		82628ED82730C4BD00719A51 /* pandapp */ = {
			isa = PBXGroup;
			children = (
				82A9225E27432E5F008D3A8C /* View */,
				82A9225D27432E52008D3A8C /* ViewModel */,
				82A9225C27432E3E008D3A8C /* Model */,
				82628ED92730C4BD00719A51 /* AppDelegate.swift */,
				82628EDB2730C4BD00719A51 /* SceneDelegate.swift */,
				823E5FA82734DE11003F3FA4 /* ReusableFunctionsViewController.swift */,
				82628EE52730C4BF00719A51 /* Assets.xcassets */,
				82628EE72730C4BF00719A51 /* LaunchScreen.storyboard */,
				82628EEA2730C4BF00719A51 /* Info.plist */,
				82628EE22730C4BD00719A51 /* pandapp.xcdatamodeld */,
			);
			path = pandapp;
			sourceTree = "<group>";
		};
		82A9225C27432E3E008D3A8C /* Model */ = {
			isa = PBXGroup;
			children = (
				82A9225F27432ED5008D3A8C /* Clubs.swift */,
				82A922612743306D008D3A8C /* User.swift */,
				82A9226327433140008D3A8C /* Document.swift */,
				82A92265274331CA008D3A8C /* EventPost.swift */,
				82A92267274332A3008D3A8C /* LostPost.swift */,
				82A922692743334A008D3A8C /* OtherPost.swift */,
				82A9226B2743340E008D3A8C /* Parking.swift */,
				82A9226D27433489008D3A8C /* Surveys.swift */,
				82A0F4802751800C0009F372 /* UploadImageStruct.swift */,
				82ECAC0B275263A000D2894F /* Elearning.swift */,
				8252B154275487E700AF300A /* LoginUser.swift */,
				82BCA6BE2755BA5000BC3CDB /* LoginClub.swift */,
				82B2F4E1275A960A007AA9D7 /* ClubMembers.swift */,
				82AE1D1C275D37AA0052116B /* GoogleSegue.swift */,
				82454EB8275D87BF005590A4 /* GoogleSegueClub.swift */,
				82BB48E9275ED8D7005D67E3 /* EventInt.swift */,
				82B1412627807B0D0050255B /* RatePost.swift */,
			);
			path = Model;
			sourceTree = "<group>";
		};
		82A9225D27432E52008D3A8C /* ViewModel */ = {
			isa = PBXGroup;
			children = (
				82A9226F274337F9008D3A8C /* ClubsViewModel.swift */,
				82A9227127433825008D3A8C /* userViewModel.swift */,
				82ECAC0F275276E300D2894F /* ElearningViewModel.swift */,
				82A9227527433862008D3A8C /* EventPostViewModel.swift */,
				82A922772743388A008D3A8C /* LostPostViewModel.swift */,
				82A922732743384A008D3A8C /* DocumentViewModel.swift */,
				82A92279274338B9008D3A8C /* OtherPostViewModel.swift */,
				82A9227B274338E5008D3A8C /* ParkingViewModel.swift */,
				82A9227D2743390A008D3A8C /* SurveysViewModel.swift */,
				82762819274C7ED50068B01D /* ConnectionDb.swift */,
				82A0F482275180500009F372 /* UploadImageService.swift */,
				82B2F4E3275A96CE007AA9D7 /* ClubMembersViewModel.swift */,
				82BB48EB275ED948005D67E3 /* EventIntViewModel.swift */,
				82B1412827807B690050255B /* RatePostViewModel.swift */,
			);
			path = ViewModel;
			sourceTree = "<group>";
		};
		82A9225E27432E5F008D3A8C /* View */ = {
			isa = PBXGroup;
			children = (
				82628EDF2730C4BD00719A51 /* Main.storyboard */,
				823E5FB327389842003F3FA4 /* HomeViewController.swift */,
				82ECAC19275308AE00D2894F /* CustomTabBarVC.swift */,
				82ECAC1B27530B4100D2894F /* TabBarVC.swift */,
				82628EDD2730C4BD00719A51 /* ViewController.swift */,
				823E5FA42734C96D003F3FA4 /* UserLoginViewController.swift */,
				823E5FA62734C9BE003F3FA4 /* UserRegisterViewController.swift */,
				82A47D6F274C907C002B6F64 /* Register2ViewController.swift */,
				827387052734BE55005C8A9B /* UserprofileViewController.swift */,
				823E5FAA2735903F003F3FA4 /* PasswordResetViewController.swift */,
				82BA60A4275644B400037525 /* ResetTwoViewController.swift */,
				823E5FAE27363754003F3FA4 /* ClubRegisterViewController.swift */,
				823E5FAC27362B60003F3FA4 /* ClubViewController.swift */,
				823E5FB72739CAF7003F3FA4 /* AddEventViewController.swift */,
				82ECAC0D275276C900D2894F /* AddElearningViewController.swift */,
				8288D49A275408760088CAA9 /* DetailModuleViewController.swift */,
				8288D4982753F4040088CAA9 /* ModuleElearningViewController.swift */,
				823E5FB12737FA3B003F3FA4 /* ELearningViewController.swift */,
				82594ADB2754227D0062575F /* PdfViewController.swift */,
				82B7B36F2756F3E90017503E /* DocumentViewController.swift */,
				823E5FB52738A9EB003F3FA4 /* MapViewController.swift */,
				8288D496275397F70088CAA9 /* AddLostPostViewController.swift */,
				82B7B36D2756E0400017503E /* AddDocumentViewController.swift */,
				82E0EC23275878D900B58DE0 /* ChatViewController.swift */,
				829EE46A275946FB003963E2 /* UpdateClubProfileViewController.swift */,
				8234D7532759AE77006AAEBF /* UpdateUserViewController.swift */,
				82B2F4E5275A97D1007AA9D7 /* ClubMembersViewController.swift */,
				82F61CE2275BD91600E40F96 /* BrowseClubsViewController.swift */,
				82F58241275BEEC2006F6A91 /* VisitClubProfileViewController.swift */,
				82E4CA99275C3E0A00769CB5 /* LostPostViewController.swift */,
				82AE1D1A275D29D20052116B /* CompleteYourProfileViewController.swift */,
				82454EB5275D8681005590A4 /* ClubGoogleCompleteProfileViewController.swift */,
				82BB48EE275EE61E005D67E3 /* EventDetailsViewController.swift */,
				829BEDC42763B83400F179B5 /* ChatRoomViewController.swift */,
			);
			path = View;
			sourceTree = "<group>";
		};
		C8F7B8F55A5F0F83B48F1E90 /* Frameworks */ = {
			isa = PBXGroup;
			children = (
				BE227153A47BBA1857149A68 /* Pods_pandapp.framework */,
			);
			name = Frameworks;
			sourceTree = "<group>";
		};
/* End PBXGroup section */

/* Begin PBXNativeTarget section */
		82628ED52730C4BD00719A51 /* pandapp */ = {
			isa = PBXNativeTarget;
			buildConfigurationList = 82628EED2730C4BF00719A51 /* Build configuration list for PBXNativeTarget "pandapp" */;
			buildPhases = (
				A423A0057A5BDE296CC5E8CE /* [CP] Check Pods Manifest.lock */,
				82628ED22730C4BD00719A51 /* Sources */,
				82628ED32730C4BD00719A51 /* Frameworks */,
				82628ED42730C4BD00719A51 /* Resources */,
				B2A13F4E8042659D9E32B180 /* [CP] Embed Pods Frameworks */,
			);
			buildRules = (
			);
			dependencies = (
			);
			name = pandapp;
			productName = pandapp;
			productReference = 82628ED62730C4BD00719A51 /* pandapp.app */;
			productType = "com.apple.product-type.application";
		};
/* End PBXNativeTarget section */

/* Begin PBXProject section */
		82628ECE2730C4BD00719A51 /* Project object */ = {
			isa = PBXProject;
			attributes = {
				BuildIndependentTargetsInParallel = 1;
				LastSwiftUpdateCheck = 1300;
				LastUpgradeCheck = 1300;
				TargetAttributes = {
					82628ED52730C4BD00719A51 = {
						CreatedOnToolsVersion = 13.0;
					};
				};
			};
			buildConfigurationList = 82628ED12730C4BD00719A51 /* Build configuration list for PBXProject "pandapp" */;
			compatibilityVersion = "Xcode 13.0";
			developmentRegion = en;
			hasScannedForEncodings = 0;
			knownRegions = (
				en,
				Base,
			);
			mainGroup = 82628ECD2730C4BD00719A51;
			productRefGroup = 82628ED72730C4BD00719A51 /* Products */;
			projectDirPath = "";
			projectRoot = "";
			targets = (
				82628ED52730C4BD00719A51 /* pandapp */,
			);
		};
/* End PBXProject section */

/* Begin PBXResourcesBuildPhase section */
		82628ED42730C4BD00719A51 /* Resources */ = {
			isa = PBXResourcesBuildPhase;
			buildActionMask = 2147483647;
			files = (
				82628EE92730C4BF00719A51 /* LaunchScreen.storyboard in Resources */,
				82628EE62730C4BF00719A51 /* Assets.xcassets in Resources */,
				82628EE12730C4BD00719A51 /* Main.storyboard in Resources */,
			);
			runOnlyForDeploymentPostprocessing = 0;
		};
/* End PBXResourcesBuildPhase section */

/* Begin PBXShellScriptBuildPhase section */
		A423A0057A5BDE296CC5E8CE /* [CP] Check Pods Manifest.lock */ = {
			isa = PBXShellScriptBuildPhase;
			buildActionMask = 2147483647;
			files = (
			);
			inputFileListPaths = (
			);
			inputPaths = (
				"${PODS_PODFILE_DIR_PATH}/Podfile.lock",
				"${PODS_ROOT}/Manifest.lock",
			);
			name = "[CP] Check Pods Manifest.lock";
			outputFileListPaths = (
			);
			outputPaths = (
				"$(DERIVED_FILE_DIR)/Pods-pandapp-checkManifestLockResult.txt",
			);
			runOnlyForDeploymentPostprocessing = 0;
			shellPath = /bin/sh;
			shellScript = "diff \"${PODS_PODFILE_DIR_PATH}/Podfile.lock\" \"${PODS_ROOT}/Manifest.lock\" > /dev/null\nif [ $? != 0 ] ; then\n    # print error to STDERR\n    echo \"error: The sandbox is not in sync with the Podfile.lock. Run 'pod install' or update your CocoaPods installation.\" >&2\n    exit 1\nfi\n# This output is used by Xcode 'outputs' to avoid re-running this script phase.\necho \"SUCCESS\" > \"${SCRIPT_OUTPUT_FILE_0}\"\n";
			showEnvVarsInLog = 0;
		};
		B2A13F4E8042659D9E32B180 /* [CP] Embed Pods Frameworks */ = {
			isa = PBXShellScriptBuildPhase;
			buildActionMask = 2147483647;
			files = (
			);
			inputFileListPaths = (
				"${PODS_ROOT}/Target Support Files/Pods-pandapp/Pods-pandapp-frameworks-${CONFIGURATION}-input-files.xcfilelist",
			);
			name = "[CP] Embed Pods Frameworks";
			outputFileListPaths = (
				"${PODS_ROOT}/Target Support Files/Pods-pandapp/Pods-pandapp-frameworks-${CONFIGURATION}-output-files.xcfilelist",
			);
			runOnlyForDeploymentPostprocessing = 0;
			shellPath = /bin/sh;
			shellScript = "\"${PODS_ROOT}/Target Support Files/Pods-pandapp/Pods-pandapp-frameworks.sh\"\n";
			showEnvVarsInLog = 0;
		};
/* End PBXShellScriptBuildPhase section */

/* Begin PBXSourcesBuildPhase section */
		82628ED22730C4BD00719A51 /* Sources */ = {
			isa = PBXSourcesBuildPhase;
			buildActionMask = 2147483647;
			files = (
				82E4CA9A275C3E0A00769CB5 /* LostPostViewController.swift in Sources */,
				827387062734BE55005C8A9B /* UserprofileViewController.swift in Sources */,
				823E5FB82739CAF7003F3FA4 /* AddEventViewController.swift in Sources */,
				8234D7542759AE77006AAEBF /* UpdateUserViewController.swift in Sources */,
				82A922782743388A008D3A8C /* LostPostViewModel.swift in Sources */,
				82ECAC0C275263A000D2894F /* Elearning.swift in Sources */,
				82454EB9275D87BF005590A4 /* GoogleSegueClub.swift in Sources */,
				8288D49B275408760088CAA9 /* DetailModuleViewController.swift in Sources */,
				82AE1D1B275D29D20052116B /* CompleteYourProfileViewController.swift in Sources */,
				82B2F4E6275A97D1007AA9D7 /* ClubMembersViewController.swift in Sources */,
				8276281A274C7ED50068B01D /* ConnectionDb.swift in Sources */,
				8288D497275397F70088CAA9 /* AddLostPostViewController.swift in Sources */,
				82A9227C274338E5008D3A8C /* ParkingViewModel.swift in Sources */,
				823E5FAB2735903F003F3FA4 /* PasswordResetViewController.swift in Sources */,
				82BCA6BF2755BA5000BC3CDB /* LoginClub.swift in Sources */,
				82B1412727807B0D0050255B /* RatePost.swift in Sources */,
				82B1412927807B690050255B /* RatePostViewModel.swift in Sources */,
				82A9227E2743390A008D3A8C /* SurveysViewModel.swift in Sources */,
				82A922742743384A008D3A8C /* DocumentViewModel.swift in Sources */,
				82A9226A2743334A008D3A8C /* OtherPost.swift in Sources */,
				82628EE42730C4BD00719A51 /* pandapp.xcdatamodeld in Sources */,
				82A9226027432ED5008D3A8C /* Clubs.swift in Sources */,
				82628EDE2730C4BD00719A51 /* ViewController.swift in Sources */,
				823E5FB22737FA3B003F3FA4 /* ELearningViewController.swift in Sources */,
				82454EB6275D8681005590A4 /* ClubGoogleCompleteProfileViewController.swift in Sources */,
				82B7B36E2756E0400017503E /* AddDocumentViewController.swift in Sources */,
				82AE1D1D275D37AA0052116B /* GoogleSegue.swift in Sources */,
				82F61CE3275BD91600E40F96 /* BrowseClubsViewController.swift in Sources */,
				82E0EC24275878D900B58DE0 /* ChatViewController.swift in Sources */,
				82A92266274331CA008D3A8C /* EventPost.swift in Sources */,
				82ECAC1A275308AE00D2894F /* CustomTabBarVC.swift in Sources */,
				82A922622743306D008D3A8C /* User.swift in Sources */,
				823E5FA92734DE11003F3FA4 /* ReusableFunctionsViewController.swift in Sources */,
				82ECAC0E275276CA00D2894F /* AddElearningViewController.swift in Sources */,
				82BA60A5275644B400037525 /* ResetTwoViewController.swift in Sources */,
				8252B155275487E700AF300A /* LoginUser.swift in Sources */,
				82BB48EA275ED8D7005D67E3 /* EventInt.swift in Sources */,
				82ECAC10275276E300D2894F /* ElearningViewModel.swift in Sources */,
				82B2F4E4275A96CE007AA9D7 /* ClubMembersViewModel.swift in Sources */,
				823E5FA72734C9BE003F3FA4 /* UserRegisterViewController.swift in Sources */,
				82A92270274337F9008D3A8C /* ClubsViewModel.swift in Sources */,
				82ECAC1C27530B4100D2894F /* TabBarVC.swift in Sources */,
				823E5FA52734C96D003F3FA4 /* UserLoginViewController.swift in Sources */,
				82BB48EF275EE61E005D67E3 /* EventDetailsViewController.swift in Sources */,
				82628EDA2730C4BD00719A51 /* AppDelegate.swift in Sources */,
				82A9227227433825008D3A8C /* userViewModel.swift in Sources */,
				82BB48EC275ED948005D67E3 /* EventIntViewModel.swift in Sources */,
				823E5FAF27363754003F3FA4 /* ClubRegisterViewController.swift in Sources */,
				823E5FAD27362B60003F3FA4 /* ClubViewController.swift in Sources */,
				82A9227627433862008D3A8C /* EventPostViewModel.swift in Sources */,
				82A9226427433140008D3A8C /* Document.swift in Sources */,
				829EE46B275946FB003963E2 /* UpdateClubProfileViewController.swift in Sources */,
				823E5FB427389842003F3FA4 /* HomeViewController.swift in Sources */,
				82A92268274332A3008D3A8C /* LostPost.swift in Sources */,
				82A0F4812751800C0009F372 /* UploadImageStruct.swift in Sources */,
				82F58242275BEEC2006F6A91 /* VisitClubProfileViewController.swift in Sources */,
				82B7B3702756F3E90017503E /* DocumentViewController.swift in Sources */,
				82A9227A274338B9008D3A8C /* OtherPostViewModel.swift in Sources */,
				82A0F483275180500009F372 /* UploadImageService.swift in Sources */,
				8288D4992753F4040088CAA9 /* ModuleElearningViewController.swift in Sources */,
				82B2F4E2275A960A007AA9D7 /* ClubMembers.swift in Sources */,
				82A9226E27433489008D3A8C /* Surveys.swift in Sources */,
				82628EDC2730C4BD00719A51 /* SceneDelegate.swift in Sources */,
				82A9226C2743340E008D3A8C /* Parking.swift in Sources */,
				82A47D70274C907C002B6F64 /* Register2ViewController.swift in Sources */,
				823E5FB62738A9EB003F3FA4 /* MapViewController.swift in Sources */,
				82594ADC2754227D0062575F /* PdfViewController.swift in Sources */,
				829BEDC52763B83400F179B5 /* ChatRoomViewController.swift in Sources */,
			);
			runOnlyForDeploymentPostprocessing = 0;
		};
/* End PBXSourcesBuildPhase section */

/* Begin PBXVariantGroup section */
		82628EDF2730C4BD00719A51 /* Main.storyboard */ = {
			isa = PBXVariantGroup;
			children = (
				82628EE02730C4BD00719A51 /* Base */,
			);
			name = Main.storyboard;
			sourceTree = "<group>";
		};
		82628EE72730C4BF00719A51 /* LaunchScreen.storyboard */ = {
			isa = PBXVariantGroup;
			children = (
				82628EE82730C4BF00719A51 /* Base */,
			);
			name = LaunchScreen.storyboard;
			sourceTree = "<group>";
		};
/* End PBXVariantGroup section */

/* Begin XCBuildConfiguration section */
		82628EEB2730C4BF00719A51 /* Debug */ = {
			isa = XCBuildConfiguration;
			buildSettings = {
				ALWAYS_SEARCH_USER_PATHS = NO;
				CLANG_ANALYZER_NONNULL = YES;
				CLANG_ANALYZER_NUMBER_OBJECT_CONVERSION = YES_AGGRESSIVE;
				CLANG_CXX_LANGUAGE_STANDARD = "gnu++17";
				CLANG_CXX_LIBRARY = "libc++";
				CLANG_ENABLE_MODULES = YES;
				CLANG_ENABLE_OBJC_ARC = YES;
				CLANG_ENABLE_OBJC_WEAK = YES;
				CLANG_WARN_BLOCK_CAPTURE_AUTORELEASING = YES;
				CLANG_WARN_BOOL_CONVERSION = YES;
				CLANG_WARN_COMMA = YES;
				CLANG_WARN_CONSTANT_CONVERSION = YES;
				CLANG_WARN_DEPRECATED_OBJC_IMPLEMENTATIONS = YES;
				CLANG_WARN_DIRECT_OBJC_ISA_USAGE = YES_ERROR;
				CLANG_WARN_DOCUMENTATION_COMMENTS = YES;
				CLANG_WARN_EMPTY_BODY = YES;
				CLANG_WARN_ENUM_CONVERSION = YES;
				CLANG_WARN_INFINITE_RECURSION = YES;
				CLANG_WARN_INT_CONVERSION = YES;
				CLANG_WARN_NON_LITERAL_NULL_CONVERSION = YES;
				CLANG_WARN_OBJC_IMPLICIT_RETAIN_SELF = YES;
				CLANG_WARN_OBJC_LITERAL_CONVERSION = YES;
				CLANG_WARN_OBJC_ROOT_CLASS = YES_ERROR;
				CLANG_WARN_QUOTED_INCLUDE_IN_FRAMEWORK_HEADER = YES;
				CLANG_WARN_RANGE_LOOP_ANALYSIS = YES;
				CLANG_WARN_STRICT_PROTOTYPES = YES;
				CLANG_WARN_SUSPICIOUS_MOVE = YES;
				CLANG_WARN_UNGUARDED_AVAILABILITY = YES_AGGRESSIVE;
				CLANG_WARN_UNREACHABLE_CODE = YES;
				CLANG_WARN__DUPLICATE_METHOD_MATCH = YES;
				COPY_PHASE_STRIP = NO;
				DEBUG_INFORMATION_FORMAT = dwarf;
				ENABLE_STRICT_OBJC_MSGSEND = YES;
				ENABLE_TESTABILITY = YES;
				GCC_C_LANGUAGE_STANDARD = gnu11;
				GCC_DYNAMIC_NO_PIC = NO;
				GCC_NO_COMMON_BLOCKS = YES;
				GCC_OPTIMIZATION_LEVEL = 0;
				GCC_PREPROCESSOR_DEFINITIONS = (
					"DEBUG=1",
					"$(inherited)",
				);
				GCC_WARN_64_TO_32_BIT_CONVERSION = YES;
				GCC_WARN_ABOUT_RETURN_TYPE = YES_ERROR;
				GCC_WARN_UNDECLARED_SELECTOR = YES;
				GCC_WARN_UNINITIALIZED_AUTOS = YES_AGGRESSIVE;
				GCC_WARN_UNUSED_FUNCTION = YES;
				GCC_WARN_UNUSED_VARIABLE = YES;
				IPHONEOS_DEPLOYMENT_TARGET = 15.0;
				MTL_ENABLE_DEBUG_INFO = INCLUDE_SOURCE;
				MTL_FAST_MATH = YES;
				ONLY_ACTIVE_ARCH = YES;
				SDKROOT = iphoneos;
				SWIFT_ACTIVE_COMPILATION_CONDITIONS = DEBUG;
				SWIFT_OPTIMIZATION_LEVEL = "-Onone";
			};
			name = Debug;
		};
		82628EEC2730C4BF00719A51 /* Release */ = {
			isa = XCBuildConfiguration;
			buildSettings = {
				ALWAYS_SEARCH_USER_PATHS = NO;
				CLANG_ANALYZER_NONNULL = YES;
				CLANG_ANALYZER_NUMBER_OBJECT_CONVERSION = YES_AGGRESSIVE;
				CLANG_CXX_LANGUAGE_STANDARD = "gnu++17";
				CLANG_CXX_LIBRARY = "libc++";
				CLANG_ENABLE_MODULES = YES;
				CLANG_ENABLE_OBJC_ARC = YES;
				CLANG_ENABLE_OBJC_WEAK = YES;
				CLANG_WARN_BLOCK_CAPTURE_AUTORELEASING = YES;
				CLANG_WARN_BOOL_CONVERSION = YES;
				CLANG_WARN_COMMA = YES;
				CLANG_WARN_CONSTANT_CONVERSION = YES;
				CLANG_WARN_DEPRECATED_OBJC_IMPLEMENTATIONS = YES;
				CLANG_WARN_DIRECT_OBJC_ISA_USAGE = YES_ERROR;
				CLANG_WARN_DOCUMENTATION_COMMENTS = YES;
				CLANG_WARN_EMPTY_BODY = YES;
				CLANG_WARN_ENUM_CONVERSION = YES;
				CLANG_WARN_INFINITE_RECURSION = YES;
				CLANG_WARN_INT_CONVERSION = YES;
				CLANG_WARN_NON_LITERAL_NULL_CONVERSION = YES;
				CLANG_WARN_OBJC_IMPLICIT_RETAIN_SELF = YES;
				CLANG_WARN_OBJC_LITERAL_CONVERSION = YES;
				CLANG_WARN_OBJC_ROOT_CLASS = YES_ERROR;
				CLANG_WARN_QUOTED_INCLUDE_IN_FRAMEWORK_HEADER = YES;
				CLANG_WARN_RANGE_LOOP_ANALYSIS = YES;
				CLANG_WARN_STRICT_PROTOTYPES = YES;
				CLANG_WARN_SUSPICIOUS_MOVE = YES;
				CLANG_WARN_UNGUARDED_AVAILABILITY = YES_AGGRESSIVE;
				CLANG_WARN_UNREACHABLE_CODE = YES;
				CLANG_WARN__DUPLICATE_METHOD_MATCH = YES;
				COPY_PHASE_STRIP = NO;
				DEBUG_INFORMATION_FORMAT = "dwarf-with-dsym";
				ENABLE_NS_ASSERTIONS = NO;
				ENABLE_STRICT_OBJC_MSGSEND = YES;
				GCC_C_LANGUAGE_STANDARD = gnu11;
				GCC_NO_COMMON_BLOCKS = YES;
				GCC_WARN_64_TO_32_BIT_CONVERSION = YES;
				GCC_WARN_ABOUT_RETURN_TYPE = YES_ERROR;
				GCC_WARN_UNDECLARED_SELECTOR = YES;
				GCC_WARN_UNINITIALIZED_AUTOS = YES_AGGRESSIVE;
				GCC_WARN_UNUSED_FUNCTION = YES;
				GCC_WARN_UNUSED_VARIABLE = YES;
				IPHONEOS_DEPLOYMENT_TARGET = 15.0;
				MTL_ENABLE_DEBUG_INFO = NO;
				MTL_FAST_MATH = YES;
				SDKROOT = iphoneos;
				SWIFT_COMPILATION_MODE = wholemodule;
				SWIFT_OPTIMIZATION_LEVEL = "-O";
				VALIDATE_PRODUCT = YES;
			};
			name = Release;
		};
		82628EEE2730C4BF00719A51 /* Debug */ = {
			isa = XCBuildConfiguration;
			baseConfigurationReference = 35E377F7BA1D40B843BECFC3 /* Pods-pandapp.debug.xcconfig */;
			buildSettings = {
				ASSETCATALOG_COMPILER_APPICON_NAME = AppIcon;
				ASSETCATALOG_COMPILER_GLOBAL_ACCENT_COLOR_NAME = AccentColor;
				CODE_SIGN_STYLE = Automatic;
				CURRENT_PROJECT_VERSION = 1;
				GENERATE_INFOPLIST_FILE = YES;
				INFOPLIST_FILE = pandapp/Info.plist;
				INFOPLIST_KEY_NSLocationWhenInUseUsageDescription = "Allow pandapp to get your current location";
				INFOPLIST_KEY_NSPhotoLibraryUsageDescription = "Pandapp would like to access your photo library";
				INFOPLIST_KEY_UIApplicationSupportsIndirectInputEvents = YES;
				INFOPLIST_KEY_UILaunchStoryboardName = LaunchScreen;
				INFOPLIST_KEY_UIMainStoryboardFile = Main;
				INFOPLIST_KEY_UISupportedInterfaceOrientations_iPad = "UIInterfaceOrientationPortrait UIInterfaceOrientationPortraitUpsideDown UIInterfaceOrientationLandscapeLeft UIInterfaceOrientationLandscapeRight";
				INFOPLIST_KEY_UISupportedInterfaceOrientations_iPhone = "UIInterfaceOrientationPortrait UIInterfaceOrientationLandscapeLeft UIInterfaceOrientationLandscapeRight";
				LD_RUNPATH_SEARCH_PATHS = (
					"$(inherited)",
					"@executable_path/Frameworks",
				);
				MARKETING_VERSION = 1.0;
				PRODUCT_BUNDLE_IDENTIFIER = "-.pandapp";
				PRODUCT_NAME = "$(TARGET_NAME)";
				SWIFT_EMIT_LOC_STRINGS = YES;
				SWIFT_VERSION = 5.0;
				TARGETED_DEVICE_FAMILY = "1,2";
			};
			name = Debug;
		};
		82628EEF2730C4BF00719A51 /* Release */ = {
			isa = XCBuildConfiguration;
			baseConfigurationReference = B1846F83AE6FFE2D440D4F00 /* Pods-pandapp.release.xcconfig */;
			buildSettings = {
				ASSETCATALOG_COMPILER_APPICON_NAME = AppIcon;
				ASSETCATALOG_COMPILER_GLOBAL_ACCENT_COLOR_NAME = AccentColor;
				CODE_SIGN_STYLE = Automatic;
				CURRENT_PROJECT_VERSION = 1;
				GENERATE_INFOPLIST_FILE = YES;
				INFOPLIST_FILE = pandapp/Info.plist;
				INFOPLIST_KEY_NSLocationWhenInUseUsageDescription = "Allow pandapp to get your current location";
				INFOPLIST_KEY_NSPhotoLibraryUsageDescription = "Pandapp would like to access your photo library";
				INFOPLIST_KEY_UIApplicationSupportsIndirectInputEvents = YES;
				INFOPLIST_KEY_UILaunchStoryboardName = LaunchScreen;
				INFOPLIST_KEY_UIMainStoryboardFile = Main;
				INFOPLIST_KEY_UISupportedInterfaceOrientations_iPad = "UIInterfaceOrientationPortrait UIInterfaceOrientationPortraitUpsideDown UIInterfaceOrientationLandscapeLeft UIInterfaceOrientationLandscapeRight";
				INFOPLIST_KEY_UISupportedInterfaceOrientations_iPhone = "UIInterfaceOrientationPortrait UIInterfaceOrientationLandscapeLeft UIInterfaceOrientationLandscapeRight";
				LD_RUNPATH_SEARCH_PATHS = (
					"$(inherited)",
					"@executable_path/Frameworks",
				);
				MARKETING_VERSION = 1.0;
				PRODUCT_BUNDLE_IDENTIFIER = "-.pandapp";
				PRODUCT_NAME = "$(TARGET_NAME)";
				SWIFT_EMIT_LOC_STRINGS = YES;
				SWIFT_VERSION = 5.0;
				TARGETED_DEVICE_FAMILY = "1,2";
			};
			name = Release;
		};
/* End XCBuildConfiguration section */

/* Begin XCConfigurationList section */
		82628ED12730C4BD00719A51 /* Build configuration list for PBXProject "pandapp" */ = {
			isa = XCConfigurationList;
			buildConfigurations = (
				82628EEB2730C4BF00719A51 /* Debug */,
				82628EEC2730C4BF00719A51 /* Release */,
			);
			defaultConfigurationIsVisible = 0;
			defaultConfigurationName = Release;
		};
		82628EED2730C4BF00719A51 /* Build configuration list for PBXNativeTarget "pandapp" */ = {
			isa = XCConfigurationList;
			buildConfigurations = (
				82628EEE2730C4BF00719A51 /* Debug */,
				82628EEF2730C4BF00719A51 /* Release */,
			);
			defaultConfigurationIsVisible = 0;
			defaultConfigurationName = Release;
		};
/* End XCConfigurationList section */

/* Begin XCVersionGroup section */
		82628EE22730C4BD00719A51 /* pandapp.xcdatamodeld */ = {
			isa = XCVersionGroup;
			children = (
				82628EE32730C4BD00719A51 /* pandapp.xcdatamodel */,
			);
			currentVersion = 82628EE32730C4BD00719A51 /* pandapp.xcdatamodel */;
			path = pandapp.xcdatamodeld;
			sourceTree = "<group>";
			versionGroupType = wrapper.xcdatamodel;
		};
/* End XCVersionGroup section */
	};
	rootObject = 82628ECE2730C4BD00719A51 /* Project object */;
}
